{
  "nodes": {
    "flake-utils": {
      "locked": {
        "lastModified": 1623875721,
        "narHash": "sha256-A8BU7bjS5GirpAUv4QA+QnJ4CceLHkcXdRp4xITDB0s=",
        "owner": "numtide",
        "repo": "flake-utils",
        "rev": "f7e004a55b120c02ecb6219596820fcd32ca8772",
        "type": "github"
      },
      "original": {
        "owner": "numtide",
        "repo": "flake-utils",
        "type": "github"
      }
    },
    "naersk": {
      "inputs": {
        "nixpkgs": "nixpkgs"
      },
      "locked": {
        "lastModified": 1618844365,
        "narHash": "sha256-Z9t0rr+5OG/ru3jdg3jivfYVU4ydV/nqt8UwIut7uHs=",
        "owner": "yatima-inc",
        "repo": "naersk",
        "rev": "32e3ba39d9d83098b13720a4384bdda191dd0445",
        "type": "github"
      },
      "original": {
        "owner": "yatima-inc",
        "repo": "naersk",
        "type": "github"
      }
    },
    "nixpkgs": {
      "locked": {
        "lastModified": 1626198252,
        "narHash": "sha256-OF9Adtb2puee7EqFTcWnNxlnfjSrDuUawgc0s+kKfiQ=",
        "owner": "NixOS",
        "repo": "nixpkgs",
        "rev": "81e24d81e47fb7608f7935d6f4ace6f64681c31c",
        "type": "github"
      },
      "original": {
        "id": "nixpkgs",
        "type": "indirect"
      }
    },
    "nixpkgs_2": {
      "locked": {
        "lastModified": 1626198252,
        "narHash": "sha256-OF9Adtb2puee7EqFTcWnNxlnfjSrDuUawgc0s+kKfiQ=",
        "owner": "nixos",
        "repo": "nixpkgs",
        "rev": "81e24d81e47fb7608f7935d6f4ace6f64681c31c",
        "type": "github"
      },
      "original": {
        "owner": "nixos",
        "repo": "nixpkgs",
        "type": "github"
      }
    },
    "root": {
      "inputs": {
        "flake-utils": "flake-utils",
        "naersk": "naersk",
        "nixpkgs": "nixpkgs_2"
      }
    }
  },
  "root": "root",
  "version": 7
}
