{
  "nodes": {
    "flake-utils": {
      "locked": {
        "lastModified": 1631561581,
        "narHash": "sha256-3VQMV5zvxaVLvqqUrNz3iJelLw30mIVSfZmAaauM3dA=",
        "owner": "numtide",
        "repo": "flake-utils",
        "rev": "7e5bf3925f6fbdfaf50a2a7ca0be2879c4261d19",
        "type": "github"
      },
      "original": {
        "owner": "numtide",
        "repo": "flake-utils",
        "type": "github"
      }
    },
    "naersk": {
      "inputs": {
        "nixpkgs": [
          "nixpkgs"
        ]
      },
      "locked": {
        "lastModified": 1618844365,
        "narHash": "sha256-Z9t0rr+5OG/ru3jdg3jivfYVU4ydV/nqt8UwIut7uHs=",
        "owner": "yatima-inc",
        "repo": "naersk",
        "rev": "32e3ba39d9d83098b13720a4384bdda191dd0445",
        "type": "github"
      },
      "original": {
        "owner": "yatima-inc",
        "repo": "naersk",
        "type": "github"
      }
    },
    "nixpkgs": {
      "locked": {
        "lastModified": 1633960889,
        "narHash": "sha256-n2ro1V23pxOogRx7DcupwQ0Wu3KWzeygQmvrLgLmJm0=",
        "owner": "nixos",
        "repo": "nixpkgs",
        "rev": "316effbc595ef657bcc1f81d4550bccd022ebbea",
        "type": "github"
      },
      "original": {
        "owner": "nixos",
        "repo": "nixpkgs",
        "type": "github"
      }
    },
    "root": {
      "inputs": {
        "flake-utils": "flake-utils",
        "naersk": "naersk",
        "nixpkgs": "nixpkgs"
      }
    }
  },
  "root": "root",
  "version": 7
}
